// !$*UTF8*$!
{
	archiveVersion = 1;
	classes = {
	};
	objectVersion = 56;
	objects = {

/* Begin PBXBuildFile section */
		AC0148BD2A0A9573005E943A /* QRCodeGeneratorApp.swift in Sources */ = {isa = PBXBuildFile; fileRef = AC0148BC2A0A9573005E943A /* QRCodeGeneratorApp.swift */; };
		AC0148BF2A0A9573005E943A /* ContentView.swift in Sources */ = {isa = PBXBuildFile; fileRef = AC0148BE2A0A9573005E943A /* ContentView.swift */; };
		AC0148C12A0A9574005E943A /* Assets.xcassets in Resources */ = {isa = PBXBuildFile; fileRef = AC0148C02A0A9574005E943A /* Assets.xcassets */; };
		AC0148C42A0A9574005E943A /* Preview Assets.xcassets in Resources */ = {isa = PBXBuildFile; fileRef = AC0148C32A0A9574005E943A /* Preview Assets.xcassets */; };
		AC0148CC2A0A9647005E943A /* QRCodeGenerator.swift in Sources */ = {isa = PBXBuildFile; fileRef = AC0148CB2A0A9647005E943A /* QRCodeGenerator.swift */; };
		AC0148CE2A0A9CD6005E943A /* NSImageView.swift in Sources */ = {isa = PBXBuildFile; fileRef = AC0148CD2A0A9CD6005E943A /* NSImageView.swift */; };
		B5B620632E74322E00CC35D1 /* FileManagement.swift in Sources */ = {isa = PBXBuildFile; fileRef = B5B620622E74322E00CC35D1 /* FileManagement.swift */; };
		B5B620652E743FA300CC35D1 /* QRCodeGeneratorApp.swift in Sources */ = {isa = PBXBuildFile; fileRef = B5B620642E743FA300CC35D1 /* QRCodeGeneratorApp.swift */; };
		B5B620672E743FAA00CC35D1 /* LibraryTransfer.swift in Sources */ = {isa = PBXBuildFile; fileRef = B5B620662E743FAA00CC35D1 /* LibraryTransfer.swift */; };
/* End PBXBuildFile section */

/* Begin PBXFileReference section */
		AC0148B92A0A9573005E943A /* QRCodeGenerator.app */ = {isa = PBXFileReference; explicitFileType = wrapper.application; includeInIndex = 0; path = QRCodeGenerator.app; sourceTree = BUILT_PRODUCTS_DIR; };
		AC0148BC2A0A9573005E943A /* QRCodeGeneratorApp.swift */ = {isa = PBXFileReference; lastKnownFileType = sourcecode.swift; path = QRCodeGeneratorApp.swift; sourceTree = "<group>"; };
		AC0148BE2A0A9573005E943A /* ContentView.swift */ = {isa = PBXFileReference; lastKnownFileType = sourcecode.swift; path = ContentView.swift; sourceTree = "<group>"; };
		AC0148C02A0A9574005E943A /* Assets.xcassets */ = {isa = PBXFileReference; lastKnownFileType = folder.assetcatalog; path = Assets.xcassets; sourceTree = "<group>"; };
		AC0148C32A0A9574005E943A /* Preview Assets.xcassets */ = {isa = PBXFileReference; lastKnownFileType = folder.assetcatalog; path = "Preview Assets.xcassets"; sourceTree = "<group>"; };
		AC0148C52A0A9574005E943A /* QRCodeGenerator.entitlements */ = {isa = PBXFileReference; lastKnownFileType = text.plist.entitlements; path = QRCodeGenerator.entitlements; sourceTree = "<group>"; };
		AC0148CB2A0A9647005E943A /* QRCodeGenerator.swift */ = {isa = PBXFileReference; lastKnownFileType = sourcecode.swift; path = QRCodeGenerator.swift; sourceTree = "<group>"; };
		AC0148CD2A0A9CD6005E943A /* NSImageView.swift */ = {isa = PBXFileReference; lastKnownFileType = sourcecode.swift; path = NSImageView.swift; sourceTree = "<group>"; };
		B5B620622E74322E00CC35D1 /* FileManagement.swift */ = {isa = PBXFileReference; lastKnownFileType = sourcecode.swift; path = FileManagement.swift; sourceTree = "<group>"; };
		B5B620642E743FA300CC35D1 /* QRCodeGeneratorApp.swift */ = {isa = PBXFileReference; lastKnownFileType = sourcecode.swift; path = QRCodeGeneratorApp.swift; sourceTree = "<group>"; };
		B5B620662E743FAA00CC35D1 /* LibraryTransfer.swift */ = {isa = PBXFileReference; lastKnownFileType = sourcecode.swift; path = LibraryTransfer.swift; sourceTree = "<group>"; };
/* End PBXFileReference section */

/* Begin PBXFrameworksBuildPhase section */
		AC0148B62A0A9573005E943A /* Frameworks */ = {
			isa = PBXFrameworksBuildPhase;
			buildActionMask = 2147483647;
			files = (
			);
			runOnlyForDeploymentPostprocessing = 0;
		};
/* End PBXFrameworksBuildPhase section */

/* Begin PBXGroup section */
		AC0148B02A0A9573005E943A = {
			isa = PBXGroup;
			children = (
				AC0148BB2A0A9573005E943A /* QRCodeGenerator */,
				AC0148BA2A0A9573005E943A /* Products */,
			);
			sourceTree = "<group>";
		};
		AC0148BA2A0A9573005E943A /* Products */ = {
			isa = PBXGroup;
			children = (
				AC0148B92A0A9573005E943A /* QRCodeGenerator.app */,
			);
			name = Products;
			sourceTree = "<group>";
		};
		AC0148BB2A0A9573005E943A /* QRCodeGenerator */ = {
			isa = PBXGroup;
			children = (
				B5B620662E743FAA00CC35D1 /* LibraryTransfer.swift */,
				B5B620642E743FA300CC35D1 /* QRCodeGeneratorApp.swift */,
				B5B620622E74322E00CC35D1 /* FileManagement.swift */,
				AC0148BC2A0A9573005E943A /* QRCodeGeneratorApp.swift */,
				AC0148BE2A0A9573005E943A /* ContentView.swift */,
				AC0148C02A0A9574005E943A /* Assets.xcassets */,
				AC0148C52A0A9574005E943A /* QRCodeGenerator.entitlements */,
				AC0148C22A0A9574005E943A /* Preview Content */,
				AC0148CB2A0A9647005E943A /* QRCodeGenerator.swift */,
				AC0148CD2A0A9CD6005E943A /* NSImageView.swift */,
			);
			path = QRCodeGenerator;
			sourceTree = "<group>";
		};
		AC0148C22A0A9574005E943A /* Preview Content */ = {
			isa = PBXGroup;
			children = (
				AC0148C32A0A9574005E943A /* Preview Assets.xcassets */,
			);
			path = "Preview Content";
			sourceTree = "<group>";
		};
/* End PBXGroup section */

/* Begin PBXNativeTarget section */
		AC0148B82A0A9573005E943A /* QRCodeGenerator */ = {
			isa = PBXNativeTarget;
			buildConfigurationList = AC0148C82A0A9574005E943A /* Build configuration list for PBXNativeTarget "QRCodeGenerator" */;
			buildPhases = (
				AC0148B52A0A9573005E943A /* Sources */,
				AC0148B62A0A9573005E943A /* Frameworks */,
				AC0148B72A0A9573005E943A /* Resources */,
			);
			buildRules = (
			);
			dependencies = (
			);
			name = QRCodeGenerator;
			productName = QRCodeGenerator;
			productReference = AC0148B92A0A9573005E943A /* QRCodeGenerator.app */;
			productType = "com.apple.product-type.application";
		};
/* End PBXNativeTarget section */

/* Begin PBXProject section */
		AC0148B12A0A9573005E943A /* Project object */ = {
			isa = PBXProject;
			attributes = {
				BuildIndependentTargetsInParallel = 1;
				LastSwiftUpdateCheck = 1430;
				LastUpgradeCheck = 1430;
				TargetAttributes = {
					AC0148B82A0A9573005E943A = {
						CreatedOnToolsVersion = 14.3;
					};
				};
			};
			buildConfigurationList = AC0148B42A0A9573005E943A /* Build configuration list for PBXProject "QRCodeGenerator" */;
			compatibilityVersion = "Xcode 14.0";
			developmentRegion = en;
			hasScannedForEncodings = 0;
			knownRegions = (
				en,
				Base,
			);
			mainGroup = AC0148B02A0A9573005E943A;
			productRefGroup = AC0148BA2A0A9573005E943A /* Products */;
			projectDirPath = "";
			projectRoot = "";
			targets = (
				AC0148B82A0A9573005E943A /* QRCodeGenerator */,
			);
		};
/* End PBXProject section */

/* Begin PBXResourcesBuildPhase section */
		AC0148B72A0A9573005E943A /* Resources */ = {
			isa = PBXResourcesBuildPhase;
			buildActionMask = 2147483647;
			files = (
				AC0148C42A0A9574005E943A /* Preview Assets.xcassets in Resources */,
				AC0148C12A0A9574005E943A /* Assets.xcassets in Resources */,
			);
			runOnlyForDeploymentPostprocessing = 0;
		};
/* End PBXResourcesBuildPhase section */

/* Begin PBXSourcesBuildPhase section */
		AC0148B52A0A9573005E943A /* Sources */ = {
			isa = PBXSourcesBuildPhase;
			buildActionMask = 2147483647;
			files = (
				AC0148BF2A0A9573005E943A /* ContentView.swift in Sources */,
				AC0148CC2A0A9647005E943A /* QRCodeGenerator.swift in Sources */,
				AC0148BD2A0A9573005E943A /* QRCodeGeneratorApp.swift in Sources */,
				B5B620652E743FA300CC35D1 /* QRCodeGeneratorApp.swift in Sources */,
				B5B620632E74322E00CC35D1 /* FileManagement.swift in Sources */,
				B5B620672E743FAA00CC35D1 /* LibraryTransfer.swift in Sources */,
				AC0148CE2A0A9CD6005E943A /* NSImageView.swift in Sources */,
			);
			runOnlyForDeploymentPostprocessing = 0;
		};
/* End PBXSourcesBuildPhase section */

/* Begin XCBuildConfiguration section */
		AC0148C62A0A9574005E943A /* Debug */ = {
			isa = XCBuildConfiguration;
			buildSettings = {
				ALWAYS_SEARCH_USER_PATHS = NO;
				CLANG_ANALYZER_NONNULL = YES;
				CLANG_ANALYZER_NUMBER_OBJECT_CONVERSION = YES_AGGRESSIVE;
				CLANG_CXX_LANGUAGE_STANDARD = "gnu++20";
				CLANG_ENABLE_MODULES = YES;
				CLANG_ENABLE_OBJC_ARC = YES;
				CLANG_ENABLE_OBJC_WEAK = YES;
				CLANG_WARN_BLOCK_CAPTURE_AUTORELEASING = YES;
				CLANG_WARN_BOOL_CONVERSION = YES;
				CLANG_WARN_COMMA = YES;
				CLANG_WARN_CONSTANT_CONVERSION = YES;
				CLANG_WARN_DEPRECATED_OBJC_IMPLEMENTATIONS = YES;
				CLANG_WARN_DIRECT_OBJC_ISA_USAGE = YES_ERROR;
				CLANG_WARN_DOCUMENTATION_COMMENTS = YES;
				CLANG_WARN_EMPTY_BODY = YES;
				CLANG_WARN_ENUM_CONVERSION = YES;
				CLANG_WARN_INFINITE_RECURSION = YES;
				CLANG_WARN_INT_CONVERSION = YES;
				CLANG_WARN_NON_LITERAL_NULL_CONVERSION = YES;
				CLANG_WARN_OBJC_IMPLICIT_RETAIN_SELF = YES;
				CLANG_WARN_OBJC_LITERAL_CONVERSION = YES;
				CLANG_WARN_OBJC_ROOT_CLASS = YES_ERROR;
				CLANG_WARN_QUOTED_INCLUDE_IN_FRAMEWORK_HEADER = YES;
				CLANG_WARN_RANGE_LOOP_ANALYSIS = YES;
				CLANG_WARN_STRICT_PROTOTYPES = YES;
				CLANG_WARN_SUSPICIOUS_MOVE = YES;
				CLANG_WARN_UNGUARDED_AVAILABILITY = YES_AGGRESSIVE;
				CLANG_WARN_UNREACHABLE_CODE = YES;
				CLANG_WARN__DUPLICATE_METHOD_MATCH = YES;
				COPY_PHASE_STRIP = NO;
				DEBUG_INFORMATION_FORMAT = dwarf;
				ENABLE_STRICT_OBJC_MSGSEND = YES;
				ENABLE_TESTABILITY = YES;
				GCC_C_LANGUAGE_STANDARD = gnu11;
				GCC_DYNAMIC_NO_PIC = NO;
				GCC_NO_COMMON_BLOCKS = YES;
				GCC_OPTIMIZATION_LEVEL = 0;
				GCC_PREPROCESSOR_DEFINITIONS = (
					"DEBUG=1",
					"$(inherited)",
				);
				GCC_WARN_64_TO_32_BIT_CONVERSION = YES;
				GCC_WARN_ABOUT_RETURN_TYPE = YES_ERROR;
				GCC_WARN_UNDECLARED_SELECTOR = YES;
				GCC_WARN_UNINITIALIZED_AUTOS = YES_AGGRESSIVE;
				GCC_WARN_UNUSED_FUNCTION = YES;
				GCC_WARN_UNUSED_VARIABLE = YES;
				MACOSX_DEPLOYMENT_TARGET = 13.3;
				MTL_ENABLE_DEBUG_INFO = INCLUDE_SOURCE;
				MTL_FAST_MATH = YES;
				ONLY_ACTIVE_ARCH = YES;
				SDKROOT = macosx;
				SWIFT_ACTIVE_COMPILATION_CONDITIONS = DEBUG;
				SWIFT_OPTIMIZATION_LEVEL = "-Onone";
			};
			name = Debug;
		};
		AC0148C72A0A9574005E943A /* Release */ = {
			isa = XCBuildConfiguration;
			buildSettings = {
				ALWAYS_SEARCH_USER_PATHS = NO;
				CLANG_ANALYZER_NONNULL = YES;
				CLANG_ANALYZER_NUMBER_OBJECT_CONVERSION = YES_AGGRESSIVE;
				CLANG_CXX_LANGUAGE_STANDARD = "gnu++20";
				CLANG_ENABLE_MODULES = YES;
				CLANG_ENABLE_OBJC_ARC = YES;
				CLANG_ENABLE_OBJC_WEAK = YES;
				CLANG_WARN_BLOCK_CAPTURE_AUTORELEASING = YES;
				CLANG_WARN_BOOL_CONVERSION = YES;
				CLANG_WARN_COMMA = YES;
				CLANG_WARN_CONSTANT_CONVERSION = YES;
				CLANG_WARN_DEPRECATED_OBJC_IMPLEMENTATIONS = YES;
				CLANG_WARN_DIRECT_OBJC_ISA_USAGE = YES_ERROR;
				CLANG_WARN_DOCUMENTATION_COMMENTS = YES;
				CLANG_WARN_EMPTY_BODY = YES;
				CLANG_WARN_ENUM_CONVERSION = YES;
				CLANG_WARN_INFINITE_RECURSION = YES;
				CLANG_WARN_INT_CONVERSION = YES;
				CLANG_WARN_NON_LITERAL_NULL_CONVERSION = YES;
				CLANG_WARN_OBJC_IMPLICIT_RETAIN_SELF = YES;
				CLANG_WARN_OBJC_LITERAL_CONVERSION = YES;
				CLANG_WARN_OBJC_ROOT_CLASS = YES_ERROR;
				CLANG_WARN_QUOTED_INCLUDE_IN_FRAMEWORK_HEADER = YES;
				CLANG_WARN_RANGE_LOOP_ANALYSIS = YES;
				CLANG_WARN_STRICT_PROTOTYPES = YES;
				CLANG_WARN_SUSPICIOUS_MOVE = YES;
				CLANG_WARN_UNGUARDED_AVAILABILITY = YES_AGGRESSIVE;
				CLANG_WARN_UNREACHABLE_CODE = YES;
				CLANG_WARN__DUPLICATE_METHOD_MATCH = YES;
				COPY_PHASE_STRIP = NO;
				DEBUG_INFORMATION_FORMAT = "dwarf-with-dsym";
				ENABLE_NS_ASSERTIONS = NO;
				ENABLE_STRICT_OBJC_MSGSEND = YES;
				GCC_C_LANGUAGE_STANDARD = gnu11;
				GCC_NO_COMMON_BLOCKS = YES;
				GCC_WARN_64_TO_32_BIT_CONVERSION = YES;
				GCC_WARN_ABOUT_RETURN_TYPE = YES_ERROR;
				GCC_WARN_UNDECLARED_SELECTOR = YES;
				GCC_WARN_UNINITIALIZED_AUTOS = YES_AGGRESSIVE;
				GCC_WARN_UNUSED_FUNCTION = YES;
				GCC_WARN_UNUSED_VARIABLE = YES;
				MACOSX_DEPLOYMENT_TARGET = 13.3;
				MTL_ENABLE_DEBUG_INFO = NO;
				MTL_FAST_MATH = YES;
				SDKROOT = macosx;
				SWIFT_COMPILATION_MODE = wholemodule;
				SWIFT_OPTIMIZATION_LEVEL = "-O";
			};
			name = Release;
		};
		AC0148C92A0A9574005E943A /* Debug */ = {
			isa = XCBuildConfiguration;
			buildSettings = {
				ASSETCATALOG_COMPILER_APPICON_NAME = AppIcon;
				ASSETCATALOG_COMPILER_GLOBAL_ACCENT_COLOR_NAME = AccentColor;
				CODE_SIGN_ENTITLEMENTS = QRCodeGenerator/QRCodeGenerator.entitlements;
				CODE_SIGN_STYLE = Automatic;
				COMBINE_HIDPI_IMAGES = YES;
				CURRENT_PROJECT_VERSION = 1;
				DEVELOPMENT_ASSET_PATHS = "\"QRCodeGenerator/Preview Content\"";
				ENABLE_PREVIEWS = YES;
				GENERATE_INFOPLIST_FILE = YES;
				INFOPLIST_KEY_NSHumanReadableCopyright = "";
				LD_RUNPATH_SEARCH_PATHS = (
					"$(inherited)",
					"@executable_path/../Frameworks",
				);
				MARKETING_VERSION = 1.0;
				PRODUCT_BUNDLE_IDENTIFIER = com.chandan.QRCodeGenerator;
				PRODUCT_NAME = "$(TARGET_NAME)";
				SWIFT_EMIT_LOC_STRINGS = YES;
				SWIFT_VERSION = 5.0;
			};
			name = Debug;
		};
		AC0148CA2A0A9574005E943A /* Release */ = {
			isa = XCBuildConfiguration;
			buildSettings = {
				ASSETCATALOG_COMPILER_APPICON_NAME = AppIcon;
				ASSETCATALOG_COMPILER_GLOBAL_ACCENT_COLOR_NAME = AccentColor;
				CODE_SIGN_ENTITLEMENTS = QRCodeGenerator/QRCodeGenerator.entitlements;
				CODE_SIGN_STYLE = Automatic;
				COMBINE_HIDPI_IMAGES = YES;
				CURRENT_PROJECT_VERSION = 1;
				DEVELOPMENT_ASSET_PATHS = "\"QRCodeGenerator/Preview Content\"";
				ENABLE_PREVIEWS = YES;
				GENERATE_INFOPLIST_FILE = YES;
				INFOPLIST_KEY_NSHumanReadableCopyright = "";
				LD_RUNPATH_SEARCH_PATHS = (
					"$(inherited)",
					"@executable_path/../Frameworks",
				);
				MARKETING_VERSION = 1.0;
				PRODUCT_BUNDLE_IDENTIFIER = com.chandan.QRCodeGenerator;
				PRODUCT_NAME = "$(TARGET_NAME)";
				SWIFT_EMIT_LOC_STRINGS = YES;
				SWIFT_VERSION = 5.0;
			};
			name = Release;
		};
/* End XCBuildConfiguration section */

/* Begin XCConfigurationList section */
		AC0148B42A0A9573005E943A /* Build configuration list for PBXProject "QRCodeGenerator" */ = {
			isa = XCConfigurationList;
			buildConfigurations = (
				AC0148C62A0A9574005E943A /* Debug */,
				AC0148C72A0A9574005E943A /* Release */,
			);
			defaultConfigurationIsVisible = 0;
			defaultConfigurationName = Release;
		};
		AC0148C82A0A9574005E943A /* Build configuration list for PBXNativeTarget "QRCodeGenerator" */ = {
			isa = XCConfigurationList;
			buildConfigurations = (
				AC0148C92A0A9574005E943A /* Debug */,
				AC0148CA2A0A9574005E943A /* Release */,
			);
			defaultConfigurationIsVisible = 0;
			defaultConfigurationName = Release;
		};
/* End XCConfigurationList section */
	};
	rootObject = AC0148B12A0A9573005E943A /* Project object */;
}
